// !$*UTF8*$!
{
	archiveVersion = 1;
	classes = {
	};
	objectVersion = 50;
	objects = {

/* Begin PBXBuildFile section */
		3C14B3A52368F01C005F83AB /* AppDelegate.swift in Sources */ = {isa = PBXBuildFile; fileRef = 3C14B3A42368F01C005F83AB /* AppDelegate.swift */; };
		3C14B3A72368F01C005F83AB /* SceneDelegate.swift in Sources */ = {isa = PBXBuildFile; fileRef = 3C14B3A62368F01C005F83AB /* SceneDelegate.swift */; };
		3C14B3A92368F01C005F83AB /* ViewController.swift in Sources */ = {isa = PBXBuildFile; fileRef = 3C14B3A82368F01C005F83AB /* ViewController.swift */; };
		3C14B3AE2368F01D005F83AB /* Assets.xcassets in Resources */ = {isa = PBXBuildFile; fileRef = 3C14B3AD2368F01D005F83AB /* Assets.xcassets */; };
		3C14B3B12368F01D005F83AB /* LaunchScreen.storyboard in Resources */ = {isa = PBXBuildFile; fileRef = 3C14B3AF2368F01D005F83AB /* LaunchScreen.storyboard */; };
		3C14B3BC2368F01D005F83AB /* Local_Notifications_LabTests.swift in Sources */ = {isa = PBXBuildFile; fileRef = 3C14B3BB2368F01D005F83AB /* Local_Notifications_LabTests.swift */; };
		3C804754236CBB970068E0DB /* Reminder.swift in Sources */ = {isa = PBXBuildFile; fileRef = 3C804753236CBB970068E0DB /* Reminder.swift */; };
/* End PBXBuildFile section */

/* Begin PBXContainerItemProxy section */
		3C14B3B82368F01D005F83AB /* PBXContainerItemProxy */ = {
			isa = PBXContainerItemProxy;
			containerPortal = 3C14B3992368F01C005F83AB /* Project object */;
			proxyType = 1;
			remoteGlobalIDString = 3C14B3A02368F01C005F83AB;
			remoteInfo = "Local-Notifications-Lab";
		};
/* End PBXContainerItemProxy section */

/* Begin PBXFileReference section */
		3C14B3A12368F01C005F83AB /* Local-Notifications-Lab.app */ = {isa = PBXFileReference; explicitFileType = wrapper.application; includeInIndex = 0; path = "Local-Notifications-Lab.app"; sourceTree = BUILT_PRODUCTS_DIR; };
		3C14B3A42368F01C005F83AB /* AppDelegate.swift */ = {isa = PBXFileReference; lastKnownFileType = sourcecode.swift; path = AppDelegate.swift; sourceTree = "<group>"; };
		3C14B3A62368F01C005F83AB /* SceneDelegate.swift */ = {isa = PBXFileReference; lastKnownFileType = sourcecode.swift; path = SceneDelegate.swift; sourceTree = "<group>"; };
		3C14B3A82368F01C005F83AB /* ViewController.swift */ = {isa = PBXFileReference; lastKnownFileType = sourcecode.swift; path = ViewController.swift; sourceTree = "<group>"; };
		3C14B3AD2368F01D005F83AB /* Assets.xcassets */ = {isa = PBXFileReference; lastKnownFileType = folder.assetcatalog; path = Assets.xcassets; sourceTree = "<group>"; };
		3C14B3B02368F01D005F83AB /* Base */ = {isa = PBXFileReference; lastKnownFileType = file.storyboard; name = Base; path = Base.lproj/LaunchScreen.storyboard; sourceTree = "<group>"; };
		3C14B3B22368F01D005F83AB /* Info.plist */ = {isa = PBXFileReference; lastKnownFileType = text.plist.xml; path = Info.plist; sourceTree = "<group>"; };
		3C14B3B72368F01D005F83AB /* Local-Notifications-LabTests.xctest */ = {isa = PBXFileReference; explicitFileType = wrapper.cfbundle; includeInIndex = 0; path = "Local-Notifications-LabTests.xctest"; sourceTree = BUILT_PRODUCTS_DIR; };
		3C14B3BB2368F01D005F83AB /* Local_Notifications_LabTests.swift */ = {isa = PBXFileReference; lastKnownFileType = sourcecode.swift; path = Local_Notifications_LabTests.swift; sourceTree = "<group>"; };
		3C14B3BD2368F01D005F83AB /* Info.plist */ = {isa = PBXFileReference; lastKnownFileType = text.plist.xml; path = Info.plist; sourceTree = "<group>"; };
		3C804753236CBB970068E0DB /* Reminder.swift */ = {isa = PBXFileReference; lastKnownFileType = sourcecode.swift; path = Reminder.swift; sourceTree = "<group>"; };
/* End PBXFileReference section */

/* Begin PBXFrameworksBuildPhase section */
		3C14B39E2368F01C005F83AB /* Frameworks */ = {
			isa = PBXFrameworksBuildPhase;
			buildActionMask = 2147483647;
			files = (
			);
			runOnlyForDeploymentPostprocessing = 0;
		};
		3C14B3B42368F01D005F83AB /* Frameworks */ = {
			isa = PBXFrameworksBuildPhase;
			buildActionMask = 2147483647;
			files = (
			);
			runOnlyForDeploymentPostprocessing = 0;
		};
/* End PBXFrameworksBuildPhase section */

/* Begin PBXGroup section */
		3C14B3982368F01C005F83AB = {
			isa = PBXGroup;
			children = (
				3C14B3A32368F01C005F83AB /* Local-Notifications-Lab */,
				3C14B3BA2368F01D005F83AB /* Local-Notifications-LabTests */,
				3C14B3A22368F01C005F83AB /* Products */,
			);
			sourceTree = "<group>";
		};
		3C14B3A22368F01C005F83AB /* Products */ = {
			isa = PBXGroup;
			children = (
				3C14B3A12368F01C005F83AB /* Local-Notifications-Lab.app */,
				3C14B3B72368F01D005F83AB /* Local-Notifications-LabTests.xctest */,
			);
			name = Products;
			sourceTree = "<group>";
		};
		3C14B3A32368F01C005F83AB /* Local-Notifications-Lab */ = {
			isa = PBXGroup;
			children = (
				3C14B3A42368F01C005F83AB /* AppDelegate.swift */,
				3C14B3A62368F01C005F83AB /* SceneDelegate.swift */,
				3C14B3A82368F01C005F83AB /* ViewController.swift */,
				3C804753236CBB970068E0DB /* Reminder.swift */,
				3C14B3AD2368F01D005F83AB /* Assets.xcassets */,
				3C14B3AF2368F01D005F83AB /* LaunchScreen.storyboard */,
				3C14B3B22368F01D005F83AB /* Info.plist */,
			);
			path = "Local-Notifications-Lab";
			sourceTree = "<group>";
		};
		3C14B3BA2368F01D005F83AB /* Local-Notifications-LabTests */ = {
			isa = PBXGroup;
			children = (
				3C14B3BB2368F01D005F83AB /* Local_Notifications_LabTests.swift */,
				3C14B3BD2368F01D005F83AB /* Info.plist */,
			);
			path = "Local-Notifications-LabTests";
			sourceTree = "<group>";
		};
/* End PBXGroup section */

/* Begin PBXNativeTarget section */
		3C14B3A02368F01C005F83AB /* Local-Notifications-Lab */ = {
			isa = PBXNativeTarget;
			buildConfigurationList = 3C14B3C02368F01D005F83AB /* Build configuration list for PBXNativeTarget "Local-Notifications-Lab" */;
			buildPhases = (
				3C14B39D2368F01C005F83AB /* Sources */,
				3C14B39E2368F01C005F83AB /* Frameworks */,
				3C14B39F2368F01C005F83AB /* Resources */,
			);
			buildRules = (
			);
			dependencies = (
			);
			name = "Local-Notifications-Lab";
			productName = "Local-Notifications-Lab";
			productReference = 3C14B3A12368F01C005F83AB /* Local-Notifications-Lab.app */;
			productType = "com.apple.product-type.application";
		};
		3C14B3B62368F01D005F83AB /* Local-Notifications-LabTests */ = {
			isa = PBXNativeTarget;
			buildConfigurationList = 3C14B3C32368F01D005F83AB /* Build configuration list for PBXNativeTarget "Local-Notifications-LabTests" */;
			buildPhases = (
				3C14B3B32368F01D005F83AB /* Sources */,
				3C14B3B42368F01D005F83AB /* Frameworks */,
				3C14B3B52368F01D005F83AB /* Resources */,
			);
			buildRules = (
			);
			dependencies = (
				3C14B3B92368F01D005F83AB /* PBXTargetDependency */,
			);
			name = "Local-Notifications-LabTests";
			productName = "Local-Notifications-LabTests";
			productReference = 3C14B3B72368F01D005F83AB /* Local-Notifications-LabTests.xctest */;
			productType = "com.apple.product-type.bundle.unit-test";
		};
/* End PBXNativeTarget section */

/* Begin PBXProject section */
		3C14B3992368F01C005F83AB /* Project object */ = {
			isa = PBXProject;
			attributes = {
				LastSwiftUpdateCheck = 1110;
				LastUpgradeCheck = 1110;
				ORGANIZATIONNAME = "Ian Cervone";
				TargetAttributes = {
					3C14B3A02368F01C005F83AB = {
						CreatedOnToolsVersion = 11.1;
					};
					3C14B3B62368F01D005F83AB = {
						CreatedOnToolsVersion = 11.1;
						TestTargetID = 3C14B3A02368F01C005F83AB;
					};
				};
			};
			buildConfigurationList = 3C14B39C2368F01C005F83AB /* Build configuration list for PBXProject "Local-Notifications-Lab" */;
			compatibilityVersion = "Xcode 9.3";
			developmentRegion = en;
			hasScannedForEncodings = 0;
			knownRegions = (
				en,
				Base,
			);
			mainGroup = 3C14B3982368F01C005F83AB;
			productRefGroup = 3C14B3A22368F01C005F83AB /* Products */;
			projectDirPath = "";
			projectRoot = "";
			targets = (
				3C14B3A02368F01C005F83AB /* Local-Notifications-Lab */,
				3C14B3B62368F01D005F83AB /* Local-Notifications-LabTests */,
			);
		};
/* End PBXProject section */

/* Begin PBXResourcesBuildPhase section */
		3C14B39F2368F01C005F83AB /* Resources */ = {
			isa = PBXResourcesBuildPhase;
			buildActionMask = 2147483647;
			files = (
				3C14B3B12368F01D005F83AB /* LaunchScreen.storyboard in Resources */,
				3C14B3AE2368F01D005F83AB /* Assets.xcassets in Resources */,
			);
			runOnlyForDeploymentPostprocessing = 0;
		};
		3C14B3B52368F01D005F83AB /* Resources */ = {
			isa = PBXResourcesBuildPhase;
			buildActionMask = 2147483647;
			files = (
			);
			runOnlyForDeploymentPostprocessing = 0;
		};
/* End PBXResourcesBuildPhase section */

/* Begin PBXSourcesBuildPhase section */
		3C14B39D2368F01C005F83AB /* Sources */ = {
			isa = PBXSourcesBuildPhase;
			buildActionMask = 2147483647;
			files = (
				3C14B3A92368F01C005F83AB /* ViewController.swift in Sources */,
				3C14B3A52368F01C005F83AB /* AppDelegate.swift in Sources */,
				3C14B3A72368F01C005F83AB /* SceneDelegate.swift in Sources */,
				3C804754236CBB970068E0DB /* Reminder.swift in Sources */,
			);
			runOnlyForDeploymentPostprocessing = 0;
		};
		3C14B3B32368F01D005F83AB /* Sources */ = {
			isa = PBXSourcesBuildPhase;
			buildActionMask = 2147483647;
			files = (
				3C14B3BC2368F01D005F83AB /* Local_Notifications_LabTests.swift in Sources */,
			);
			runOnlyForDeploymentPostprocessing = 0;
		};
/* End PBXSourcesBuildPhase section */

/* Begin PBXTargetDependency section */
		3C14B3B92368F01D005F83AB /* PBXTargetDependency */ = {
			isa = PBXTargetDependency;
			target = 3C14B3A02368F01C005F83AB /* Local-Notifications-Lab */;
			targetProxy = 3C14B3B82368F01D005F83AB /* PBXContainerItemProxy */;
		};
/* End PBXTargetDependency section */

/* Begin PBXVariantGroup section */
		3C14B3AF2368F01D005F83AB /* LaunchScreen.storyboard */ = {
			isa = PBXVariantGroup;
			children = (
				3C14B3B02368F01D005F83AB /* Base */,
			);
			name = LaunchScreen.storyboard;
			sourceTree = "<group>";
		};
/* End PBXVariantGroup section */

/* Begin XCBuildConfiguration section */
		3C14B3BE2368F01D005F83AB /* Debug */ = {
			isa = XCBuildConfiguration;
			buildSettings = {
				ALWAYS_SEARCH_USER_PATHS = NO;
				CLANG_ANALYZER_NONNULL = YES;
				CLANG_ANALYZER_NUMBER_OBJECT_CONVERSION = YES_AGGRESSIVE;
				CLANG_CXX_LANGUAGE_STANDARD = "gnu++14";
				CLANG_CXX_LIBRARY = "libc++";
				CLANG_ENABLE_MODULES = YES;
				CLANG_ENABLE_OBJC_ARC = YES;
				CLANG_ENABLE_OBJC_WEAK = YES;
				CLANG_WARN_BLOCK_CAPTURE_AUTORELEASING = YES;
				CLANG_WARN_BOOL_CONVERSION = YES;
				CLANG_WARN_COMMA = YES;
				CLANG_WARN_CONSTANT_CONVERSION = YES;
				CLANG_WARN_DEPRECATED_OBJC_IMPLEMENTATIONS = YES;
				CLANG_WARN_DIRECT_OBJC_ISA_USAGE = YES_ERROR;
				CLANG_WARN_DOCUMENTATION_COMMENTS = YES;
				CLANG_WARN_EMPTY_BODY = YES;
				CLANG_WARN_ENUM_CONVERSION = YES;
				CLANG_WARN_INFINITE_RECURSION = YES;
				CLANG_WARN_INT_CONVERSION = YES;
				CLANG_WARN_NON_LITERAL_NULL_CONVERSION = YES;
				CLANG_WARN_OBJC_IMPLICIT_RETAIN_SELF = YES;
				CLANG_WARN_OBJC_LITERAL_CONVERSION = YES;
				CLANG_WARN_OBJC_ROOT_CLASS = YES_ERROR;
				CLANG_WARN_RANGE_LOOP_ANALYSIS = YES;
				CLANG_WARN_STRICT_PROTOTYPES = YES;
				CLANG_WARN_SUSPICIOUS_MOVE = YES;
				CLANG_WARN_UNGUARDED_AVAILABILITY = YES_AGGRESSIVE;
				CLANG_WARN_UNREACHABLE_CODE = YES;
				CLANG_WARN__DUPLICATE_METHOD_MATCH = YES;
				COPY_PHASE_STRIP = NO;
				DEBUG_INFORMATION_FORMAT = dwarf;
				ENABLE_STRICT_OBJC_MSGSEND = YES;
				ENABLE_TESTABILITY = YES;
				GCC_C_LANGUAGE_STANDARD = gnu11;
				GCC_DYNAMIC_NO_PIC = NO;
				GCC_NO_COMMON_BLOCKS = YES;
				GCC_OPTIMIZATION_LEVEL = 0;
				GCC_PREPROCESSOR_DEFINITIONS = (
					"DEBUG=1",
					"$(inherited)",
				);
				GCC_WARN_64_TO_32_BIT_CONVERSION = YES;
				GCC_WARN_ABOUT_RETURN_TYPE = YES_ERROR;
				GCC_WARN_UNDECLARED_SELECTOR = YES;
				GCC_WARN_UNINITIALIZED_AUTOS = YES_AGGRESSIVE;
				GCC_WARN_UNUSED_FUNCTION = YES;
				GCC_WARN_UNUSED_VARIABLE = YES;
				IPHONEOS_DEPLOYMENT_TARGET = 13.1;
				MTL_ENABLE_DEBUG_INFO = INCLUDE_SOURCE;
				MTL_FAST_MATH = YES;
				ONLY_ACTIVE_ARCH = YES;
				SDKROOT = iphoneos;
				SWIFT_ACTIVE_COMPILATION_CONDITIONS = DEBUG;
				SWIFT_OPTIMIZATION_LEVEL = "-Onone";
			};
			name = Debug;
		};
		3C14B3BF2368F01D005F83AB /* Release */ = {
			isa = XCBuildConfiguration;
			buildSettings = {
				ALWAYS_SEARCH_USER_PATHS = NO;
				CLANG_ANALYZER_NONNULL = YES;
				CLANG_ANALYZER_NUMBER_OBJECT_CONVERSION = YES_AGGRESSIVE;
				CLANG_CXX_LANGUAGE_STANDARD = "gnu++14";
				CLANG_CXX_LIBRARY = "libc++";
				CLANG_ENABLE_MODULES = YES;
				CLANG_ENABLE_OBJC_ARC = YES;
				CLANG_ENABLE_OBJC_WEAK = YES;
				CLANG_WARN_BLOCK_CAPTURE_AUTORELEASING = YES;
				CLANG_WARN_BOOL_CONVERSION = YES;
				CLANG_WARN_COMMA = YES;
				CLANG_WARN_CONSTANT_CONVERSION = YES;
				CLANG_WARN_DEPRECATED_OBJC_IMPLEMENTATIONS = YES;
				CLANG_WARN_DIRECT_OBJC_ISA_USAGE = YES_ERROR;
				CLANG_WARN_DOCUMENTATION_COMMENTS = YES;
				CLANG_WARN_EMPTY_BODY = YES;
				CLANG_WARN_ENUM_CONVERSION = YES;
				CLANG_WARN_INFINITE_RECURSION = YES;
				CLANG_WARN_INT_CONVERSION = YES;
				CLANG_WARN_NON_LITERAL_NULL_CONVERSION = YES;
				CLANG_WARN_OBJC_IMPLICIT_RETAIN_SELF = YES;
				CLANG_WARN_OBJC_LITERAL_CONVERSION = YES;
				CLANG_WARN_OBJC_ROOT_CLASS = YES_ERROR;
				CLANG_WARN_RANGE_LOOP_ANALYSIS = YES;
				CLANG_WARN_STRICT_PROTOTYPES = YES;
				CLANG_WARN_SUSPICIOUS_MOVE = YES;
				CLANG_WARN_UNGUARDED_AVAILABILITY = YES_AGGRESSIVE;
				CLANG_WARN_UNREACHABLE_CODE = YES;
				CLANG_WARN__DUPLICATE_METHOD_MATCH = YES;
				COPY_PHASE_STRIP = NO;
				DEBUG_INFORMATION_FORMAT = "dwarf-with-dsym";
				ENABLE_NS_ASSERTIONS = NO;
				ENABLE_STRICT_OBJC_MSGSEND = YES;
				GCC_C_LANGUAGE_STANDARD = gnu11;
				GCC_NO_COMMON_BLOCKS = YES;
				GCC_WARN_64_TO_32_BIT_CONVERSION = YES;
				GCC_WARN_ABOUT_RETURN_TYPE = YES_ERROR;
				GCC_WARN_UNDECLARED_SELECTOR = YES;
				GCC_WARN_UNINITIALIZED_AUTOS = YES_AGGRESSIVE;
				GCC_WARN_UNUSED_FUNCTION = YES;
				GCC_WARN_UNUSED_VARIABLE = YES;
				IPHONEOS_DEPLOYMENT_TARGET = 13.1;
				MTL_ENABLE_DEBUG_INFO = NO;
				MTL_FAST_MATH = YES;
				SDKROOT = iphoneos;
				SWIFT_COMPILATION_MODE = wholemodule;
				SWIFT_OPTIMIZATION_LEVEL = "-O";
				VALIDATE_PRODUCT = YES;
			};
			name = Release;
		};
		3C14B3C12368F01D005F83AB /* Debug */ = {
			isa = XCBuildConfiguration;
			buildSettings = {
				ASSETCATALOG_COMPILER_APPICON_NAME = AppIcon;
				CODE_SIGN_STYLE = Automatic;
				INFOPLIST_FILE = "Local-Notifications-Lab/Info.plist";
				LD_RUNPATH_SEARCH_PATHS = (
					"$(inherited)",
					"@executable_path/Frameworks",
				);
				PRODUCT_BUNDLE_IDENTIFIER = "pursuit-fellowship.Local-Notifications-Lab";
				PRODUCT_NAME = "$(TARGET_NAME)";
				SWIFT_VERSION = 5.0;
				TARGETED_DEVICE_FAMILY = "1,2";
			};
			name = Debug;
		};
		3C14B3C22368F01D005F83AB /* Release */ = {
			isa = XCBuildConfiguration;
			buildSettings = {
				ASSETCATALOG_COMPILER_APPICON_NAME = AppIcon;
				CODE_SIGN_STYLE = Automatic;
				INFOPLIST_FILE = "Local-Notifications-Lab/Info.plist";
				LD_RUNPATH_SEARCH_PATHS = (
					"$(inherited)",
					"@executable_path/Frameworks",
				);
				PRODUCT_BUNDLE_IDENTIFIER = "pursuit-fellowship.Local-Notifications-Lab";
				PRODUCT_NAME = "$(TARGET_NAME)";
				SWIFT_VERSION = 5.0;
				TARGETED_DEVICE_FAMILY = "1,2";
			};
			name = Release;
		};
		3C14B3C42368F01D005F83AB /* Debug */ = {
			isa = XCBuildConfiguration;
			buildSettings = {
				ALWAYS_EMBED_SWIFT_STANDARD_LIBRARIES = YES;
				BUNDLE_LOADER = "$(TEST_HOST)";
				CODE_SIGN_STYLE = Automatic;
				INFOPLIST_FILE = "Local-Notifications-LabTests/Info.plist";
				IPHONEOS_DEPLOYMENT_TARGET = 13.1;
				LD_RUNPATH_SEARCH_PATHS = (
					"$(inherited)",
					"@executable_path/Frameworks",
					"@loader_path/Frameworks",
				);
				PRODUCT_BUNDLE_IDENTIFIER = "pursuit-fellowship.Local-Notifications-LabTests";
				PRODUCT_NAME = "$(TARGET_NAME)";
				SWIFT_VERSION = 5.0;
				TARGETED_DEVICE_FAMILY = "1,2";
				TEST_HOST = "$(BUILT_PRODUCTS_DIR)/Local-Notifications-Lab.app/Local-Notifications-Lab";
			};
			name = Debug;
		};
		3C14B3C52368F01D005F83AB /* Release */ = {
			isa = XCBuildConfiguration;
			buildSettings = {
				ALWAYS_EMBED_SWIFT_STANDARD_LIBRARIES = YES;
				BUNDLE_LOADER = "$(TEST_HOST)";
				CODE_SIGN_STYLE = Automatic;
				INFOPLIST_FILE = "Local-Notifications-LabTests/Info.plist";
				IPHONEOS_DEPLOYMENT_TARGET = 13.1;
				LD_RUNPATH_SEARCH_PATHS = (
					"$(inherited)",
					"@executable_path/Frameworks",
					"@loader_path/Frameworks",
				);
				PRODUCT_BUNDLE_IDENTIFIER = "pursuit-fellowship.Local-Notifications-LabTests";
				PRODUCT_NAME = "$(TARGET_NAME)";
				SWIFT_VERSION = 5.0;
				TARGETED_DEVICE_FAMILY = "1,2";
				TEST_HOST = "$(BUILT_PRODUCTS_DIR)/Local-Notifications-Lab.app/Local-Notifications-Lab";
			};
			name = Release;
		};
/* End XCBuildConfiguration section */

/* Begin XCConfigurationList section */
		3C14B39C2368F01C005F83AB /* Build configuration list for PBXProject "Local-Notifications-Lab" */ = {
			isa = XCConfigurationList;
			buildConfigurations = (
				3C14B3BE2368F01D005F83AB /* Debug */,
				3C14B3BF2368F01D005F83AB /* Release */,
			);
			defaultConfigurationIsVisible = 0;
			defaultConfigurationName = Release;
		};
		3C14B3C02368F01D005F83AB /* Build configuration list for PBXNativeTarget "Local-Notifications-Lab" */ = {
			isa = XCConfigurationList;
			buildConfigurations = (
				3C14B3C12368F01D005F83AB /* Debug */,
				3C14B3C22368F01D005F83AB /* Release */,
			);
			defaultConfigurationIsVisible = 0;
			defaultConfigurationName = Release;
		};
		3C14B3C32368F01D005F83AB /* Build configuration list for PBXNativeTarget "Local-Notifications-LabTests" */ = {
			isa = XCConfigurationList;
			buildConfigurations = (
				3C14B3C42368F01D005F83AB /* Debug */,
				3C14B3C52368F01D005F83AB /* Release */,
			);
			defaultConfigurationIsVisible = 0;
			defaultConfigurationName = Release;
		};
/* End XCConfigurationList section */
	};
	rootObject = 3C14B3992368F01C005F83AB /* Project object */;
}
